
Microsoft Visual Studio Solution File, Format Version 12.00
# Visual Studio Version 16
VisualStudioVersion = 16.0.28917.181
MinimumVisualStudioVersion = 10.0.40219.1
Project("{9A19103F-16F7-4668-BE54-9A1E7A4F7556}") = "Stratis.Bitcoin", "Stratis.Bitcoin\Stratis.Bitcoin.csproj", "{094AECD5-E0D8-43A9-A0BD-39B01F51A1F2}"
EndProject
Project("{2150E333-8FDC-42A3-9474-1A3956D46DE8}") = "External", "External", "{1B9A916F-DDAC-4675-B424-EDEDC1A58231}"
EndProject
Project("{9A19103F-16F7-4668-BE54-9A1E7A4F7556}") = "Stratis.Bitcoin.Features.RPC", "Stratis.Bitcoin.Features.RPC\Stratis.Bitcoin.Features.RPC.csproj", "{5E0010F1-50B8-4FC5-A9C2-38D7DF73A0D2}"
EndProject
Project("{9A19103F-16F7-4668-BE54-9A1E7A4F7556}") = "Stratis.Bitcoin.Features.Miner", "Stratis.Bitcoin.Features.Miner\Stratis.Bitcoin.Features.Miner.csproj", "{22B296FE-26B4-4B84-8CF5-614F9D3716A6}"
EndProject
Project("{9A19103F-16F7-4668-BE54-9A1E7A4F7556}") = "Stratis.Bitcoin.Features.Wallet", "Stratis.Bitcoin.Features.Wallet\Stratis.Bitcoin.Features.Wallet.csproj", "{6650A6CC-3B56-4D86-8DAA-FD0C8830113A}"
EndProject
Project("{9A19103F-16F7-4668-BE54-9A1E7A4F7556}") = "Stratis.Bitcoin.Features.BlockStore", "Stratis.Bitcoin.Features.BlockStore\Stratis.Bitcoin.Features.BlockStore.csproj", "{528DB00C-F8AE-4703-80E5-ECC37AC56A9E}"
EndProject
Project("{9A19103F-16F7-4668-BE54-9A1E7A4F7556}") = "Stratis.Bitcoin.Features.MemoryPool", "Stratis.Bitcoin.Features.MemoryPool\Stratis.Bitcoin.Features.MemoryPool.csproj", "{AFDF6339-EE03-4F76-BFB5-024713230D91}"
EndProject
Project("{9A19103F-16F7-4668-BE54-9A1E7A4F7556}") = "Stratis.Bitcoin.Features.Notifications", "Stratis.Bitcoin.Features.Notifications\Stratis.Bitcoin.Features.Notifications.csproj", "{5D10A9EE-C328-43EC-B9EF-A6B683AD44C3}"
EndProject
Project("{9A19103F-16F7-4668-BE54-9A1E7A4F7556}") = "Stratis.Bitcoin.Features.Consensus", "Stratis.Bitcoin.Features.Consensus\Stratis.Bitcoin.Features.Consensus.csproj", "{75C364C1-0785-4EDD-9DB8-B0B21F27573C}"
EndProject
Project("{2150E333-8FDC-42A3-9474-1A3956D46DE8}") = "Stratis", "Stratis", "{15D29FFD-6142-4DC5-AFFD-10BA0CA55C45}"
EndProject
Project("{9A19103F-16F7-4668-BE54-9A1E7A4F7556}") = "Stratis.Bitcoin.Features.Api", "Stratis.Bitcoin.Features.Api\Stratis.Bitcoin.Features.Api.csproj", "{FB78D861-F3DF-412D-8A3D-D1756ADA39D4}"
EndProject
Project("{9A19103F-16F7-4668-BE54-9A1E7A4F7556}") = "NBitcoin", "NBitcoin\NBitcoin.csproj", "{2051FCAC-D4C7-498D-B935-2E9E6DEA0C29}"
EndProject
Project("{9A19103F-16F7-4668-BE54-9A1E7A4F7556}") = "Stratis.Bitcoin.Features.ColdStaking", "Stratis.Bitcoin.Features.ColdStaking\Stratis.Bitcoin.Features.ColdStaking.csproj", "{072C5F7C-4B75-46C9-A54D-774DA77ED1D1}"
EndProject
Project("{2150E333-8FDC-42A3-9474-1A3956D46DE8}") = "Obsidian", "Obsidian", "{E4693985-DDF7-4CF3-887B-0291135F9499}"
EndProject
Project("{9A19103F-16F7-4668-BE54-9A1E7A4F7556}") = "Obsidian.Features.X1Wallet", "Obsidian.Features.X1Wallet\Obsidian.Features.X1Wallet.csproj", "{47E84B90-1577-4131-91CF-6C90B5CD39BB}"
EndProject
Project("{2150E333-8FDC-42A3-9474-1A3956D46DE8}") = "ObsidianX", "ObsidianX", "{4208F272-5766-46B4-8648-B5B5666166C5}"
EndProject
Project("{9A19103F-16F7-4668-BE54-9A1E7A4F7556}") = "VisualCrypt.VisualCryptLight", "VisualCrypt.VisualCryptLight\VisualCrypt.VisualCryptLight.csproj", "{34BBF5AD-2FF1-4E58-A8DC-9424B427C28C}"
EndProject
Project("{9A19103F-16F7-4668-BE54-9A1E7A4F7556}") = "Obsidian.Features.X1Wallet.SecureApi", "Obsidian.Features.X1Wallet.SecureApi\Obsidian.Features.X1Wallet.SecureApi.csproj", "{46E66D04-8869-4861-846A-18600604B974}"
EndProject
Project("{9A19103F-16F7-4668-BE54-9A1E7A4F7556}") = "Obsidian.Networks.ObsidianX", "Obsidian.Networks.ObsidianX\Obsidian.Networks.ObsidianX.csproj", "{921D2E58-AE2B-418C-B09D-D8D0EE98C0EA}"
EndProject
Project("{9A19103F-16F7-4668-BE54-9A1E7A4F7556}") = "Obsidian.Networks.Obsidian", "Obsidian.Networks.Obsidian\Obsidian.Networks.Obsidian.csproj", "{FA7BF227-B6A4-44E6-A7C7-C58317A0E79B}"
EndProject
Project("{9A19103F-16F7-4668-BE54-9A1E7A4F7556}") = "Obsidian.OxD", "Obsidian.OxD\Obsidian.OxD.csproj", "{0A167E2A-2930-4AE0-99B2-770BF6937806}"
EndProject
Project("{FAE04EC0-301F-11D3-BF4B-00C04F79EFBC}") = "Obsidian.OxDroid", "Obsidian.OxDroid\Obsidian.OxDroid.csproj", "{0DEDC29E-F933-43FF-976F-F222B095F53B}"
EndProject
Project("{9A19103F-16F7-4668-BE54-9A1E7A4F7556}") = "Obsidian.ObsidianD", "Obsidian.ObsidianD\Obsidian.ObsidianD.csproj", "{E3B96125-6F07-477F-A3F1-5C76CF960485}"
EndProject
Project("{FAE04EC0-301F-11D3-BF4B-00C04F79EFBC}") = "Obsidian.DroidD", "Obsidian.DroidD\Obsidian.DroidD.csproj", "{1685ED2A-97A5-446D-9A79-3DD2BC4EC579}"
EndProject
Project("{9A19103F-16F7-4668-BE54-9A1E7A4F7556}") = "Obsidian.x1d", "Obsidian.x1d\Obsidian.x1d.csproj", "{25B6933E-2ACC-43D9-BA85-7B5CAFDB6578}"
EndProject
Global
	GlobalSection(SolutionConfigurationPlatforms) = preSolution
		Debug|Any CPU = Debug|Any CPU
		Release|Any CPU = Release|Any CPU
	EndGlobalSection
	GlobalSection(ProjectConfigurationPlatforms) = postSolution
		{094AECD5-E0D8-43A9-A0BD-39B01F51A1F2}.Debug|Any CPU.ActiveCfg = Debug|Any CPU
		{094AECD5-E0D8-43A9-A0BD-39B01F51A1F2}.Debug|Any CPU.Build.0 = Debug|Any CPU
		{094AECD5-E0D8-43A9-A0BD-39B01F51A1F2}.Release|Any CPU.ActiveCfg = Release|Any CPU
		{094AECD5-E0D8-43A9-A0BD-39B01F51A1F2}.Release|Any CPU.Build.0 = Release|Any CPU
		{5E0010F1-50B8-4FC5-A9C2-38D7DF73A0D2}.Debug|Any CPU.ActiveCfg = Debug|Any CPU
		{5E0010F1-50B8-4FC5-A9C2-38D7DF73A0D2}.Debug|Any CPU.Build.0 = Debug|Any CPU
		{5E0010F1-50B8-4FC5-A9C2-38D7DF73A0D2}.Release|Any CPU.ActiveCfg = Release|Any CPU
		{5E0010F1-50B8-4FC5-A9C2-38D7DF73A0D2}.Release|Any CPU.Build.0 = Release|Any CPU
		{22B296FE-26B4-4B84-8CF5-614F9D3716A6}.Debug|Any CPU.ActiveCfg = Debug|Any CPU
		{22B296FE-26B4-4B84-8CF5-614F9D3716A6}.Debug|Any CPU.Build.0 = Debug|Any CPU
		{22B296FE-26B4-4B84-8CF5-614F9D3716A6}.Release|Any CPU.ActiveCfg = Release|Any CPU
		{22B296FE-26B4-4B84-8CF5-614F9D3716A6}.Release|Any CPU.Build.0 = Release|Any CPU
		{6650A6CC-3B56-4D86-8DAA-FD0C8830113A}.Debug|Any CPU.ActiveCfg = Debug|Any CPU
		{6650A6CC-3B56-4D86-8DAA-FD0C8830113A}.Debug|Any CPU.Build.0 = Debug|Any CPU
		{6650A6CC-3B56-4D86-8DAA-FD0C8830113A}.Release|Any CPU.ActiveCfg = Release|Any CPU
		{6650A6CC-3B56-4D86-8DAA-FD0C8830113A}.Release|Any CPU.Build.0 = Release|Any CPU
		{528DB00C-F8AE-4703-80E5-ECC37AC56A9E}.Debug|Any CPU.ActiveCfg = Debug|Any CPU
		{528DB00C-F8AE-4703-80E5-ECC37AC56A9E}.Debug|Any CPU.Build.0 = Debug|Any CPU
		{528DB00C-F8AE-4703-80E5-ECC37AC56A9E}.Release|Any CPU.ActiveCfg = Release|Any CPU
		{528DB00C-F8AE-4703-80E5-ECC37AC56A9E}.Release|Any CPU.Build.0 = Release|Any CPU
		{AFDF6339-EE03-4F76-BFB5-024713230D91}.Debug|Any CPU.ActiveCfg = Debug|Any CPU
		{AFDF6339-EE03-4F76-BFB5-024713230D91}.Debug|Any CPU.Build.0 = Debug|Any CPU
		{AFDF6339-EE03-4F76-BFB5-024713230D91}.Release|Any CPU.ActiveCfg = Release|Any CPU
		{AFDF6339-EE03-4F76-BFB5-024713230D91}.Release|Any CPU.Build.0 = Release|Any CPU
		{5D10A9EE-C328-43EC-B9EF-A6B683AD44C3}.Debug|Any CPU.ActiveCfg = Debug|Any CPU
		{5D10A9EE-C328-43EC-B9EF-A6B683AD44C3}.Debug|Any CPU.Build.0 = Debug|Any CPU
		{5D10A9EE-C328-43EC-B9EF-A6B683AD44C3}.Release|Any CPU.ActiveCfg = Release|Any CPU
		{5D10A9EE-C328-43EC-B9EF-A6B683AD44C3}.Release|Any CPU.Build.0 = Release|Any CPU
		{75C364C1-0785-4EDD-9DB8-B0B21F27573C}.Debug|Any CPU.ActiveCfg = Debug|Any CPU
		{75C364C1-0785-4EDD-9DB8-B0B21F27573C}.Debug|Any CPU.Build.0 = Debug|Any CPU
		{75C364C1-0785-4EDD-9DB8-B0B21F27573C}.Release|Any CPU.ActiveCfg = Release|Any CPU
		{75C364C1-0785-4EDD-9DB8-B0B21F27573C}.Release|Any CPU.Build.0 = Release|Any CPU
		{FB78D861-F3DF-412D-8A3D-D1756ADA39D4}.Debug|Any CPU.ActiveCfg = Debug|Any CPU
		{FB78D861-F3DF-412D-8A3D-D1756ADA39D4}.Debug|Any CPU.Build.0 = Debug|Any CPU
		{FB78D861-F3DF-412D-8A3D-D1756ADA39D4}.Release|Any CPU.ActiveCfg = Release|Any CPU
		{FB78D861-F3DF-412D-8A3D-D1756ADA39D4}.Release|Any CPU.Build.0 = Release|Any CPU
		{2051FCAC-D4C7-498D-B935-2E9E6DEA0C29}.Debug|Any CPU.ActiveCfg = Debug|Any CPU
		{2051FCAC-D4C7-498D-B935-2E9E6DEA0C29}.Debug|Any CPU.Build.0 = Debug|Any CPU
		{2051FCAC-D4C7-498D-B935-2E9E6DEA0C29}.Release|Any CPU.ActiveCfg = Release|Any CPU
		{2051FCAC-D4C7-498D-B935-2E9E6DEA0C29}.Release|Any CPU.Build.0 = Release|Any CPU
		{072C5F7C-4B75-46C9-A54D-774DA77ED1D1}.Debug|Any CPU.ActiveCfg = Debug|Any CPU
		{072C5F7C-4B75-46C9-A54D-774DA77ED1D1}.Debug|Any CPU.Build.0 = Debug|Any CPU
		{072C5F7C-4B75-46C9-A54D-774DA77ED1D1}.Release|Any CPU.ActiveCfg = Release|Any CPU
		{072C5F7C-4B75-46C9-A54D-774DA77ED1D1}.Release|Any CPU.Build.0 = Release|Any CPU
		{47E84B90-1577-4131-91CF-6C90B5CD39BB}.Debug|Any CPU.ActiveCfg = Debug|Any CPU
		{47E84B90-1577-4131-91CF-6C90B5CD39BB}.Debug|Any CPU.Build.0 = Debug|Any CPU
		{47E84B90-1577-4131-91CF-6C90B5CD39BB}.Release|Any CPU.ActiveCfg = Release|Any CPU
		{47E84B90-1577-4131-91CF-6C90B5CD39BB}.Release|Any CPU.Build.0 = Release|Any CPU
		{34BBF5AD-2FF1-4E58-A8DC-9424B427C28C}.Debug|Any CPU.ActiveCfg = Debug|Any CPU
		{34BBF5AD-2FF1-4E58-A8DC-9424B427C28C}.Debug|Any CPU.Build.0 = Debug|Any CPU
		{34BBF5AD-2FF1-4E58-A8DC-9424B427C28C}.Release|Any CPU.ActiveCfg = Release|Any CPU
		{34BBF5AD-2FF1-4E58-A8DC-9424B427C28C}.Release|Any CPU.Build.0 = Release|Any CPU
		{46E66D04-8869-4861-846A-18600604B974}.Debug|Any CPU.ActiveCfg = Debug|Any CPU
		{46E66D04-8869-4861-846A-18600604B974}.Debug|Any CPU.Build.0 = Debug|Any CPU
		{46E66D04-8869-4861-846A-18600604B974}.Release|Any CPU.ActiveCfg = Release|Any CPU
		{46E66D04-8869-4861-846A-18600604B974}.Release|Any CPU.Build.0 = Release|Any CPU
		{921D2E58-AE2B-418C-B09D-D8D0EE98C0EA}.Debug|Any CPU.ActiveCfg = Debug|Any CPU
		{921D2E58-AE2B-418C-B09D-D8D0EE98C0EA}.Debug|Any CPU.Build.0 = Debug|Any CPU
		{921D2E58-AE2B-418C-B09D-D8D0EE98C0EA}.Release|Any CPU.ActiveCfg = Release|Any CPU
		{921D2E58-AE2B-418C-B09D-D8D0EE98C0EA}.Release|Any CPU.Build.0 = Release|Any CPU
		{FA7BF227-B6A4-44E6-A7C7-C58317A0E79B}.Debug|Any CPU.ActiveCfg = Debug|Any CPU
		{FA7BF227-B6A4-44E6-A7C7-C58317A0E79B}.Debug|Any CPU.Build.0 = Debug|Any CPU
		{FA7BF227-B6A4-44E6-A7C7-C58317A0E79B}.Release|Any CPU.ActiveCfg = Release|Any CPU
		{FA7BF227-B6A4-44E6-A7C7-C58317A0E79B}.Release|Any CPU.Build.0 = Release|Any CPU
		{0A167E2A-2930-4AE0-99B2-770BF6937806}.Debug|Any CPU.ActiveCfg = Debug|Any CPU
		{0A167E2A-2930-4AE0-99B2-770BF6937806}.Debug|Any CPU.Build.0 = Debug|Any CPU
		{0A167E2A-2930-4AE0-99B2-770BF6937806}.Release|Any CPU.ActiveCfg = Release|Any CPU
		{0A167E2A-2930-4AE0-99B2-770BF6937806}.Release|Any CPU.Build.0 = Release|Any CPU
		{0DEDC29E-F933-43FF-976F-F222B095F53B}.Debug|Any CPU.ActiveCfg = Debug|Any CPU
		{0DEDC29E-F933-43FF-976F-F222B095F53B}.Debug|Any CPU.Build.0 = Debug|Any CPU
		{0DEDC29E-F933-43FF-976F-F222B095F53B}.Debug|Any CPU.Deploy.0 = Debug|Any CPU
		{0DEDC29E-F933-43FF-976F-F222B095F53B}.Release|Any CPU.ActiveCfg = Release|Any CPU
		{0DEDC29E-F933-43FF-976F-F222B095F53B}.Release|Any CPU.Build.0 = Release|Any CPU
		{0DEDC29E-F933-43FF-976F-F222B095F53B}.Release|Any CPU.Deploy.0 = Release|Any CPU
		{E3B96125-6F07-477F-A3F1-5C76CF960485}.Debug|Any CPU.ActiveCfg = Debug|Any CPU
		{E3B96125-6F07-477F-A3F1-5C76CF960485}.Debug|Any CPU.Build.0 = Debug|Any CPU
		{E3B96125-6F07-477F-A3F1-5C76CF960485}.Release|Any CPU.ActiveCfg = Release|Any CPU
		{E3B96125-6F07-477F-A3F1-5C76CF960485}.Release|Any CPU.Build.0 = Release|Any CPU
		{1685ED2A-97A5-446D-9A79-3DD2BC4EC579}.Debug|Any CPU.ActiveCfg = Debug|Any CPU
		{1685ED2A-97A5-446D-9A79-3DD2BC4EC579}.Debug|Any CPU.Build.0 = Debug|Any CPU
		{1685ED2A-97A5-446D-9A79-3DD2BC4EC579}.Debug|Any CPU.Deploy.0 = Debug|Any CPU
		{1685ED2A-97A5-446D-9A79-3DD2BC4EC579}.Release|Any CPU.ActiveCfg = Release|Any CPU
		{1685ED2A-97A5-446D-9A79-3DD2BC4EC579}.Release|Any CPU.Build.0 = Release|Any CPU
		{1685ED2A-97A5-446D-9A79-3DD2BC4EC579}.Release|Any CPU.Deploy.0 = Release|Any CPU
		{25B6933E-2ACC-43D9-BA85-7B5CAFDB6578}.Debug|Any CPU.ActiveCfg = Debug|Any CPU
		{25B6933E-2ACC-43D9-BA85-7B5CAFDB6578}.Debug|Any CPU.Build.0 = Debug|Any CPU
		{25B6933E-2ACC-43D9-BA85-7B5CAFDB6578}.Release|Any CPU.ActiveCfg = Release|Any CPU
		{25B6933E-2ACC-43D9-BA85-7B5CAFDB6578}.Release|Any CPU.Build.0 = Release|Any CPU
	EndGlobalSection
	GlobalSection(SolutionProperties) = preSolution
		HideSolutionNode = FALSE
	EndGlobalSection
	GlobalSection(NestedProjects) = preSolution
		{094AECD5-E0D8-43A9-A0BD-39B01F51A1F2} = {15D29FFD-6142-4DC5-AFFD-10BA0CA55C45}
		{5E0010F1-50B8-4FC5-A9C2-38D7DF73A0D2} = {15D29FFD-6142-4DC5-AFFD-10BA0CA55C45}
		{22B296FE-26B4-4B84-8CF5-614F9D3716A6} = {15D29FFD-6142-4DC5-AFFD-10BA0CA55C45}
		{6650A6CC-3B56-4D86-8DAA-FD0C8830113A} = {15D29FFD-6142-4DC5-AFFD-10BA0CA55C45}
		{528DB00C-F8AE-4703-80E5-ECC37AC56A9E} = {15D29FFD-6142-4DC5-AFFD-10BA0CA55C45}
		{AFDF6339-EE03-4F76-BFB5-024713230D91} = {15D29FFD-6142-4DC5-AFFD-10BA0CA55C45}
		{5D10A9EE-C328-43EC-B9EF-A6B683AD44C3} = {15D29FFD-6142-4DC5-AFFD-10BA0CA55C45}
		{75C364C1-0785-4EDD-9DB8-B0B21F27573C} = {15D29FFD-6142-4DC5-AFFD-10BA0CA55C45}
		{FB78D861-F3DF-412D-8A3D-D1756ADA39D4} = {15D29FFD-6142-4DC5-AFFD-10BA0CA55C45}
		{2051FCAC-D4C7-498D-B935-2E9E6DEA0C29} = {1B9A916F-DDAC-4675-B424-EDEDC1A58231}
		{072C5F7C-4B75-46C9-A54D-774DA77ED1D1} = {15D29FFD-6142-4DC5-AFFD-10BA0CA55C45}
		{47E84B90-1577-4131-91CF-6C90B5CD39BB} = {4208F272-5766-46B4-8648-B5B5666166C5}
		{34BBF5AD-2FF1-4E58-A8DC-9424B427C28C} = {1B9A916F-DDAC-4675-B424-EDEDC1A58231}
		{46E66D04-8869-4861-846A-18600604B974} = {4208F272-5766-46B4-8648-B5B5666166C5}
		{921D2E58-AE2B-418C-B09D-D8D0EE98C0EA} = {4208F272-5766-46B4-8648-B5B5666166C5}
		{FA7BF227-B6A4-44E6-A7C7-C58317A0E79B} = {E4693985-DDF7-4CF3-887B-0291135F9499}
		{0A167E2A-2930-4AE0-99B2-770BF6937806} = {4208F272-5766-46B4-8648-B5B5666166C5}
		{0DEDC29E-F933-43FF-976F-F222B095F53B} = {4208F272-5766-46B4-8648-B5B5666166C5}
		{E3B96125-6F07-477F-A3F1-5C76CF960485} = {E4693985-DDF7-4CF3-887B-0291135F9499}
		{1685ED2A-97A5-446D-9A79-3DD2BC4EC579} = {E4693985-DDF7-4CF3-887B-0291135F9499}
		{25B6933E-2ACC-43D9-BA85-7B5CAFDB6578} = {4208F272-5766-46B4-8648-B5B5666166C5}
	EndGlobalSection
	GlobalSection(ExtensibilityGlobals) = postSolution
		SolutionGuid = {6C780ABA-5872-4B83-AD3F-A5BD423AD907}
	EndGlobalSection
EndGlobal
